
Microsoft Visual Studio Solution File, Format Version 12.00
# Visual Studio Version 17
VisualStudioVersion = 17.2.32630.192
MinimumVisualStudioVersion = 10.0.40219.1
Project("{8BC9CEB8-8B4A-11D0-8D11-00A0C91BC942}") = "Doom", "Doom\Doom.vcxproj", "{CDB7D2FA-7294-4783-BF97-E7A14D669D4F}"
EndProject
Global
	GlobalSection(SolutionConfigurationPlatforms) = preSolution
		Debug|x64 = Debug|x64
		Debug|x86 = Debug|x86
		Release|x64 = Release|x64
		Release|x86 = Release|x86
	EndGlobalSection
	GlobalSection(ProjectConfigurationPlatforms) = postSolution
		{CDB7D2FA-7294-4783-BF97-E7A14D669D4F}.Debug|x64.ActiveCfg = Debug|x64
		{CDB7D2FA-7294-4783-BF97-E7A14D669D4F}.Debug|x64.Build.0 = Debug|x64
		{CDB7D2FA-7294-4783-BF97-E7A14D669D4F}.Debug|x86.ActiveCfg = Debug|Win32
		{CDB7D2FA-7294-4783-BF97-E7A14D669D4F}.Debug|x86.Build.0 = Debug|Win32
		{CDB7D2FA-7294-4783-BF97-E7A14D669D4F}.Release|x64.ActiveCfg = Release|x64
		{CDB7D2FA-7294-4783-BF97-E7A14D669D4F}.Release|x64.Build.0 = Release|x64
		{CDB7D2FA-7294-4783-BF97-E7A14D669D4F}.Release|x86.ActiveCfg = Release|Win32
		{CDB7D2FA-7294-4783-BF97-E7A14D669D4F}.Release|x86.Build.0 = Release|Win32
	EndGlobalSection
	GlobalSection(SolutionProperties) = preSolution
		HideSolutionNode = FALSE
	EndGlobalSection
	GlobalSection(ExtensibilityGlobals) = postSolution
		SolutionGuid = {6D13A71D-44EE-4377-B088-5404BE7A0DEC}
	EndGlobalSection
EndGlobal
